
Microsoft Visual Studio Solution File, Format Version 12.00
# Visual Studio Version 16
VisualStudioVersion = 16.0.30611.23
MinimumVisualStudioVersion = 10.0.40219.1
Project("{FAE04EC0-301F-11D3-BF4B-00C04F79EFBC}") = "Lab6", "Lab6\Lab6.csproj", "{556F76B1-60E4-49AF-A16A-A462167A6696}"
EndProject
Global
	GlobalSection(SolutionConfigurationPlatforms) = preSolution
		Debug|Any CPU = Debug|Any CPU
		Release|Any CPU = Release|Any CPU
	EndGlobalSection
	GlobalSection(ProjectConfigurationPlatforms) = postSolution
		{556F76B1-60E4-49AF-A16A-A462167A6696}.Debug|Any CPU.ActiveCfg = Debug|Any CPU
		{556F76B1-60E4-49AF-A16A-A462167A6696}.Debug|Any CPU.Build.0 = Debug|Any CPU
		{556F76B1-60E4-49AF-A16A-A462167A6696}.Release|Any CPU.ActiveCfg = Release|Any CPU
		{556F76B1-60E4-49AF-A16A-A462167A6696}.Release|Any CPU.Build.0 = Release|Any CPU
	EndGlobalSection
	GlobalSection(SolutionProperties) = preSolution
		HideSolutionNode = FALSE
	EndGlobalSection
	GlobalSection(ExtensibilityGlobals) = postSolution
		SolutionGuid = {ED126CB0-B715-4EBF-83FD-57A099A8A1DF}
	EndGlobalSection
EndGlobal
